{
  "name": "ltblog-vendored-assets",
  "lockfileVersion": 3,
  "requires": true,
  "packages": {
    "": {
      "name": "ltblog-vendored-assets",
      "dependencies": {
        "@fontsource/open-sans": "^5.2.7",
        "@fontsource/roboto": "^5.2.10",
        "bulma": "1.0.4",
        "font-awesome": "4.7.0"
      }
    },
    "node_modules/@fontsource/open-sans": {
      "version": "5.2.7",
      "resolved": "https://registry.npmjs.org/@fontsource/open-sans/-/open-sans-5.2.7.tgz",
      "integrity": "sha512-8yfgDYjE5O0vmTPdrcjV35y4yMnctsokmi9gN49Gcsr0sjzkMkR97AnKDe6OqZh2SFkYlR28fxOvi21bYEgMSw==",
      "license": "OFL-1.1",
      "funding": {
        "url": "https://github.com/sponsors/ayuhito"
      }
    },
    "node_modules/@fontsource/roboto": {
      "version": "5.2.10",
      "resolved": "https://registry.npmjs.org/@fontsource/roboto/-/roboto-5.2.10.tgz",
      "integrity": "sha512-8HlA5FtSfz//oFSr2eL7GFXAiE7eIkcGOtx7tjsLKq+as702x9+GU7K95iDeWFapHC4M2hv9RrpXKRTGGBI8Zg==",
      "license": "OFL-1.1",
      "funding": {
        "url": "https://github.com/sponsors/ayuhito"
      }
    },
    "node_modules/bulma": {
      "version": "1.0.4",
      "resolved": "https://registry.npmjs.org/bulma/-/bulma-1.0.4.tgz",
      "integrity": "sha512-Ffb6YGXDiZYX3cqvSbHWqQ8+LkX6tVoTcZuVB3lm93sbAVXlO0D6QlOTMnV6g18gILpAXqkG2z9hf9z4hCjz2g==",
      "license": "MIT"
    },
    "node_modules/font-awesome": {
      "version": "4.7.0",
      "resolved": "https://registry.npmjs.org/font-awesome/-/font-awesome-4.7.0.tgz",
      "integrity": "sha512-U6kGnykA/6bFmg1M/oT9EkFeIYv7JlX3bozwQJWiiLz6L0w3F5vBVPxHlwyX/vtNq1ckcpRKOB9f2Qal/VtFpg==",
      "license": "(OFL-1.1 AND MIT)",
      "engines": {
        "node": ">=0.10.3"
      }
    }
  }
}
